
Microsoft Visual Studio Solution File, Format Version 12.00
# Visual Studio Version 17
VisualStudioVersion = 17.9.34701.34
MinimumVisualStudioVersion = 10.0.40219.1
Project("{9A19103F-16F7-4668-BE54-9A1E7A4F7556}") = "RustPlusApi", "RustPlusApi\RustPlusApi\RustPlusApi.csproj", "{2E744AA2-4D20-4B44-A79E-AC1CC56E848E}"
EndProject
Project("{2150E333-8FDC-42A3-9474-1A3956D46DE8}") = "Examples", "Examples", "{BC948ADE-1674-4955-B27C-F0E96100978E}"
EndProject
Project("{9A19103F-16F7-4668-BE54-9A1E7A4F7556}") = "GetEntityInfo", "RustPlusApi\Examples\GetEntityInfo\GetEntityInfo.csproj", "{A53B0FAC-F59B-4021-9A67-997D1F5727D7}"
EndProject
Project("{9A19103F-16F7-4668-BE54-9A1E7A4F7556}") = "__Constants", "RustPlusApi\Examples\__Constants\__Constants.csproj", "{DF3F9213-6F6D-4832-8738-CA106BE49860}"
EndProject
Project("{9A19103F-16F7-4668-BE54-9A1E7A4F7556}") = "GetInfo", "RustPlusApi\Examples\GetInfo\GetInfo.csproj", "{AB17A661-1D1D-496C-A39C-B31F3BAEADA1}"
EndProject
Project("{9A19103F-16F7-4668-BE54-9A1E7A4F7556}") = "GetMap", "RustPlusApi\Examples\GetMap\GetMap.csproj", "{4E87360D-AC39-4475-957F-D49018DB2DC8}"
EndProject
Project("{9A19103F-16F7-4668-BE54-9A1E7A4F7556}") = "GetTeamInfo", "RustPlusApi\Examples\GetTeamInfo\GetTeamInfo.csproj", "{70453D6E-9C19-41BC-8C96-0E20F919DB11}"
EndProject
Project("{9A19103F-16F7-4668-BE54-9A1E7A4F7556}") = "GetTime", "RustPlusApi\Examples\GetTime\GetTime.csproj", "{E9F90342-34DE-4166-9769-483A3FA1F144}"
EndProject
Project("{9A19103F-16F7-4668-BE54-9A1E7A4F7556}") = "SendTeamChat", "RustPlusApi\Examples\SendTeamChat\SendTeamChat.csproj", "{D70DD514-081F-4055-8779-6626DA96D18D}"
EndProject
Global
	GlobalSection(SolutionConfigurationPlatforms) = preSolution
		Debug|Any CPU = Debug|Any CPU
		Release|Any CPU = Release|Any CPU
	EndGlobalSection
	GlobalSection(ProjectConfigurationPlatforms) = postSolution
		{2E744AA2-4D20-4B44-A79E-AC1CC56E848E}.Debug|Any CPU.ActiveCfg = Debug|Any CPU
		{2E744AA2-4D20-4B44-A79E-AC1CC56E848E}.Debug|Any CPU.Build.0 = Debug|Any CPU
		{2E744AA2-4D20-4B44-A79E-AC1CC56E848E}.Release|Any CPU.ActiveCfg = Release|Any CPU
		{2E744AA2-4D20-4B44-A79E-AC1CC56E848E}.Release|Any CPU.Build.0 = Release|Any CPU
		{A53B0FAC-F59B-4021-9A67-997D1F5727D7}.Debug|Any CPU.ActiveCfg = Debug|Any CPU
		{A53B0FAC-F59B-4021-9A67-997D1F5727D7}.Debug|Any CPU.Build.0 = Debug|Any CPU
		{A53B0FAC-F59B-4021-9A67-997D1F5727D7}.Release|Any CPU.ActiveCfg = Release|Any CPU
		{A53B0FAC-F59B-4021-9A67-997D1F5727D7}.Release|Any CPU.Build.0 = Release|Any CPU
		{DF3F9213-6F6D-4832-8738-CA106BE49860}.Debug|Any CPU.ActiveCfg = Debug|Any CPU
		{DF3F9213-6F6D-4832-8738-CA106BE49860}.Debug|Any CPU.Build.0 = Debug|Any CPU
		{DF3F9213-6F6D-4832-8738-CA106BE49860}.Release|Any CPU.ActiveCfg = Release|Any CPU
		{DF3F9213-6F6D-4832-8738-CA106BE49860}.Release|Any CPU.Build.0 = Release|Any CPU
		{AB17A661-1D1D-496C-A39C-B31F3BAEADA1}.Debug|Any CPU.ActiveCfg = Debug|Any CPU
		{AB17A661-1D1D-496C-A39C-B31F3BAEADA1}.Debug|Any CPU.Build.0 = Debug|Any CPU
		{AB17A661-1D1D-496C-A39C-B31F3BAEADA1}.Release|Any CPU.ActiveCfg = Release|Any CPU
		{AB17A661-1D1D-496C-A39C-B31F3BAEADA1}.Release|Any CPU.Build.0 = Release|Any CPU
		{4E87360D-AC39-4475-957F-D49018DB2DC8}.Debug|Any CPU.ActiveCfg = Debug|Any CPU
		{4E87360D-AC39-4475-957F-D49018DB2DC8}.Debug|Any CPU.Build.0 = Debug|Any CPU
		{4E87360D-AC39-4475-957F-D49018DB2DC8}.Release|Any CPU.ActiveCfg = Release|Any CPU
		{4E87360D-AC39-4475-957F-D49018DB2DC8}.Release|Any CPU.Build.0 = Release|Any CPU
		{70453D6E-9C19-41BC-8C96-0E20F919DB11}.Debug|Any CPU.ActiveCfg = Debug|Any CPU
		{70453D6E-9C19-41BC-8C96-0E20F919DB11}.Debug|Any CPU.Build.0 = Debug|Any CPU
		{70453D6E-9C19-41BC-8C96-0E20F919DB11}.Release|Any CPU.ActiveCfg = Release|Any CPU
		{70453D6E-9C19-41BC-8C96-0E20F919DB11}.Release|Any CPU.Build.0 = Release|Any CPU
		{E9F90342-34DE-4166-9769-483A3FA1F144}.Debug|Any CPU.ActiveCfg = Debug|Any CPU
		{E9F90342-34DE-4166-9769-483A3FA1F144}.Debug|Any CPU.Build.0 = Debug|Any CPU
		{E9F90342-34DE-4166-9769-483A3FA1F144}.Release|Any CPU.ActiveCfg = Release|Any CPU
		{E9F90342-34DE-4166-9769-483A3FA1F144}.Release|Any CPU.Build.0 = Release|Any CPU
		{D70DD514-081F-4055-8779-6626DA96D18D}.Debug|Any CPU.ActiveCfg = Debug|Any CPU
		{D70DD514-081F-4055-8779-6626DA96D18D}.Debug|Any CPU.Build.0 = Debug|Any CPU
		{D70DD514-081F-4055-8779-6626DA96D18D}.Release|Any CPU.ActiveCfg = Release|Any CPU
		{D70DD514-081F-4055-8779-6626DA96D18D}.Release|Any CPU.Build.0 = Release|Any CPU
	EndGlobalSection
	GlobalSection(SolutionProperties) = preSolution
		HideSolutionNode = FALSE
	EndGlobalSection
	GlobalSection(NestedProjects) = preSolution
		{A53B0FAC-F59B-4021-9A67-997D1F5727D7} = {BC948ADE-1674-4955-B27C-F0E96100978E}
		{DF3F9213-6F6D-4832-8738-CA106BE49860} = {BC948ADE-1674-4955-B27C-F0E96100978E}
		{AB17A661-1D1D-496C-A39C-B31F3BAEADA1} = {BC948ADE-1674-4955-B27C-F0E96100978E}
		{4E87360D-AC39-4475-957F-D49018DB2DC8} = {BC948ADE-1674-4955-B27C-F0E96100978E}
		{70453D6E-9C19-41BC-8C96-0E20F919DB11} = {BC948ADE-1674-4955-B27C-F0E96100978E}
		{E9F90342-34DE-4166-9769-483A3FA1F144} = {BC948ADE-1674-4955-B27C-F0E96100978E}
		{D70DD514-081F-4055-8779-6626DA96D18D} = {BC948ADE-1674-4955-B27C-F0E96100978E}
	EndGlobalSection
	GlobalSection(ExtensibilityGlobals) = postSolution
		SolutionGuid = {A4B4251F-ADA4-418D-95B5-27BA99A307A3}
	EndGlobalSection
EndGlobal
