
Microsoft Visual Studio Solution File, Format Version 12.00
# Visual Studio Version 17
VisualStudioVersion = 17.9.34701.34
MinimumVisualStudioVersion = 10.0.40219.1
Project("{FAE04EC0-301F-11D3-BF4B-00C04F79EFBC}") = "RustPlusApi", "src\RustPlusApi\RustPlusApi.csproj", "{15F7E5BE-64EC-43F1-8900-95E22A1B3E1F}"
EndProject
Project("{FAE04EC0-301F-11D3-BF4B-00C04F79EFBC}") = "RustPlusApi.Fcm", "src\RustPlusApi.Fcm\RustPlusApi.Fcm.csproj", "{A9A43CD8-5CE4-4121-91C4-A45972DA0F90}"
EndProject
Project("{2150E333-8FDC-42A3-9474-1A3956D46DE8}") = "samples", "samples", "{0B23F464-4021-46B2-9AD7-04C16FA9B6F1}"
EndProject
Project("{FAE04EC0-301F-11D3-BF4B-00C04F79EFBC}") = "__Constants", "samples\__Constants\__Constants.csproj", "{8A6AB2DB-2FEA-4A7E-9EB3-116AC223C51A}"
EndProject
Project("{2150E333-8FDC-42A3-9474-1A3956D46DE8}") = "fcm", "fcm", "{717D6CCB-266B-483A-B4C7-2C2DC3A06C33}"
EndProject
Project("{FAE04EC0-301F-11D3-BF4B-00C04F79EFBC}") = "CheckSubscription", "samples\CheckSubscription\CheckSubscription.csproj", "{89A6839B-FCD8-4201-A3F4-568AB3FD647D}"
EndProject
Project("{FAE04EC0-301F-11D3-BF4B-00C04F79EFBC}") = "GetAlarmInfo", "samples\GetAlarmInfo\GetAlarmInfo.csproj", "{BC1FC2A6-2E8D-450E-9483-FE02848A4857}"
EndProject
Project("{FAE04EC0-301F-11D3-BF4B-00C04F79EFBC}") = "GetInfo", "samples\GetInfo\GetInfo.csproj", "{CDBF0C36-099A-4097-9351-5DA1BAB47470}"
EndProject
Project("{FAE04EC0-301F-11D3-BF4B-00C04F79EFBC}") = "GetMap", "samples\GetMap\GetMap.csproj", "{9AE5CA05-09E6-4B01-A4B9-C0C8055908E9}"
EndProject
Project("{FAE04EC0-301F-11D3-BF4B-00C04F79EFBC}") = "GetMapMarkers", "samples\GetMapMarkers\GetMapMarkers.csproj", "{0489370F-34D8-4938-98CE-AAAAB6BBD672}"
EndProject
Project("{FAE04EC0-301F-11D3-BF4B-00C04F79EFBC}") = "GetSmartSwitchChanges", "samples\GetSmartSwitchChanges\GetSmartSwitchChanges.csproj", "{AE331A65-6292-4F8D-BACD-E53CE3F93A1A}"
EndProject
Project("{FAE04EC0-301F-11D3-BF4B-00C04F79EFBC}") = "GetSmartSwitchInfo", "samples\GetSmartSwitchInfo\GetSmartSwitchInfo.csproj", "{D592580F-02E8-4C25-A6F9-DC4BEE0A841F}"
EndProject
Project("{FAE04EC0-301F-11D3-BF4B-00C04F79EFBC}") = "GetStorageMonitorChanges", "samples\GetStorageMonitorChanges\GetStorageMonitorChanges.csproj", "{0995FA7C-64C2-47CD-AE35-65FE40B757A4}"
EndProject
Project("{FAE04EC0-301F-11D3-BF4B-00C04F79EFBC}") = "GetStorageMonitorInfo", "samples\GetStorageMonitorInfo\GetStorageMonitorInfo.csproj", "{E8581B0A-3CAF-4728-BCDB-98857B9E1F96}"
EndProject
Project("{FAE04EC0-301F-11D3-BF4B-00C04F79EFBC}") = "GetTeamChat", "samples\GetTeamChat\GetTeamChat.csproj", "{A4D2630D-4019-474F-ACD4-7875B3D8C015}"
EndProject
Project("{FAE04EC0-301F-11D3-BF4B-00C04F79EFBC}") = "GetTeamChatChanges", "samples\GetTeamChatChanges\GetTeamChatChanges.csproj", "{8EA6BA18-6DD9-4726-B1C1-20432591DE9D}"
EndProject
Project("{FAE04EC0-301F-11D3-BF4B-00C04F79EFBC}") = "GetTeamInfo", "samples\GetTeamInfo\GetTeamInfo.csproj", "{7992A202-9C4F-4C33-B922-2EAC45FF74EE}"
EndProject
Project("{FAE04EC0-301F-11D3-BF4B-00C04F79EFBC}") = "GetTime", "samples\GetTime\GetTime.csproj", "{421E4990-AE08-44A1-A27D-AAF3FBFEC885}"
EndProject
Project("{FAE04EC0-301F-11D3-BF4B-00C04F79EFBC}") = "PromoteToLeader", "samples\PromoteToLeader\PromoteToLeader.csproj", "{20D3067A-5048-4EB0-827A-965A3984F5AA}"
EndProject
Project("{FAE04EC0-301F-11D3-BF4B-00C04F79EFBC}") = "SendTeamMessage", "samples\SendTeamMessage\SendTeamMessage.csproj", "{2BDDB9F9-A42A-4510-9329-8A3B5BECD12D}"
EndProject
Project("{FAE04EC0-301F-11D3-BF4B-00C04F79EFBC}") = "SetSmartSwitchValue", "samples\SetSmartSwitchValue\SetSmartSwitchValue.csproj", "{4ED7771B-55C9-41A0-B71D-2236CAB160D3}"
EndProject
Project("{FAE04EC0-301F-11D3-BF4B-00C04F79EFBC}") = "SetSubscription", "samples\SetSubscription\SetSubscription.csproj", "{B57DE425-4B1A-4491-BF40-08800978C7F8}"
EndProject
Project("{FAE04EC0-301F-11D3-BF4B-00C04F79EFBC}") = "StrobeSmartSwitch", "samples\StrobeSmartSwitch\StrobeSmartSwitch.csproj", "{1DFF39BB-7909-426F-BAC7-A22CE1A229C6}"
EndProject
Project("{FAE04EC0-301F-11D3-BF4B-00C04F79EFBC}") = "ToggleSmartSwitch", "samples\ToggleSmartSwitch\ToggleSmartSwitch.csproj", "{BC52D22E-8AF6-445A-ADBF-8750505F7F48}"
EndProject
Project("{FAE04EC0-301F-11D3-BF4B-00C04F79EFBC}") = "RustPlusFcmListener", "samples\__Fcm\RustPlusFcmListener\RustPlusFcmListener.csproj", "{B325CFF2-EB28-49A2-BA2B-011D6EBED4A8}"
EndProject
Project("{FAE04EC0-301F-11D3-BF4B-00C04F79EFBC}") = "RustPlusFcmListenerClient", "samples\__Fcm\RustPlusFcmListenerClient\RustPlusFcmListenerClient.csproj", "{CE811FE4-539A-4AFF-A400-656861B5C08C}"
EndProject
Project("{2150E333-8FDC-42A3-9474-1A3956D46DE8}") = "legacy", "legacy", "{7290ED2D-80B8-4A4D-B5F5-7E93E638593C}"
EndProject
Project("{FAE04EC0-301F-11D3-BF4B-00C04F79EFBC}") = "__Events", "samples\__Legacy\__Events\__Events.csproj", "{976DE721-8A92-440E-A941-8468AC692AB8}"
EndProject
Project("{FAE04EC0-301F-11D3-BF4B-00C04F79EFBC}") = "CheckSubscriptionLegacy", "samples\__Legacy\CheckSubscritionLegacy\CheckSubscriptionLegacy.csproj", "{D722FF03-B348-451B-A569-FF252BAC8387}"
EndProject
Project("{FAE04EC0-301F-11D3-BF4B-00C04F79EFBC}") = "GetClanChatChangesLegacy", "samples\__Legacy\GetClanChatChangesLegacy\GetClanChatChangesLegacy.csproj", "{BE06B427-A7D3-42C4-A4C6-BFFE381A2E7A}"
EndProject
Project("{FAE04EC0-301F-11D3-BF4B-00C04F79EFBC}") = "GetClanChatLegacy", "samples\__Legacy\GetClanChatLegacy\GetClanChatLegacy.csproj", "{97C916E9-FB04-4C74-B384-4EF30D65ECB7}"
EndProject
Project("{FAE04EC0-301F-11D3-BF4B-00C04F79EFBC}") = "GetEntityChangesLegacy", "samples\__Legacy\GetEntityChangesLegacy\GetEntityChangesLegacy.csproj", "{4F185B63-61B3-4E3D-8AC3-B8C900647238}"
EndProject
Project("{FAE04EC0-301F-11D3-BF4B-00C04F79EFBC}") = "GetEntityInfoLegacy", "samples\__Legacy\GetEntityInfoLegacy\GetEntityInfoLegacy.csproj", "{6681C99C-A4C4-46AB-99B1-8C5ED326E513}"
EndProject
Project("{FAE04EC0-301F-11D3-BF4B-00C04F79EFBC}") = "GetInfoLegacy", "samples\__Legacy\GetInfoLegacy\GetInfoLegacy.csproj", "{10F51503-897E-4448-95D3-EB1FF9DD8889}"
EndProject
Project("{FAE04EC0-301F-11D3-BF4B-00C04F79EFBC}") = "GetMapLegacy", "samples\__Legacy\GetMapLegacy\GetMapLegacy.csproj", "{E2C26CFC-2D5D-4261-8D9C-CE6CA57C2491}"
EndProject
Project("{FAE04EC0-301F-11D3-BF4B-00C04F79EFBC}") = "GetMapMarkersLegacy", "samples\__Legacy\GetMapMarkersLegacy\GetMapMarkersLegacy.csproj", "{BBD1C0B7-2181-4252-B752-B5640A264813}"
EndProject
Project("{FAE04EC0-301F-11D3-BF4B-00C04F79EFBC}") = "GetNexusAuthLegacy", "samples\__Legacy\GetNexusAuthLegacy\GetNexusAuthLegacy.csproj", "{B929FFA5-90CF-43EC-95A6-DBA7617D9DB5}"
EndProject
Project("{FAE04EC0-301F-11D3-BF4B-00C04F79EFBC}") = "GetTeamChatChangesLegacy", "samples\__Legacy\GetTeamChatChangesLegacy\GetTeamChatChangesLegacy.csproj", "{ED764A51-2766-4C4E-81E3-5918406E3E8E}"
EndProject
Project("{FAE04EC0-301F-11D3-BF4B-00C04F79EFBC}") = "GetTeamChatLegacy", "samples\__Legacy\GetTeamChatLegacy\GetTeamChatLegacy.csproj", "{05E2ED16-299A-4F61-B221-DAC204153565}"
EndProject
Project("{FAE04EC0-301F-11D3-BF4B-00C04F79EFBC}") = "GetTeamInfoLegacy", "samples\__Legacy\GetTeamInfoLegacy\GetTeamInfoLegacy.csproj", "{BC1DD6ED-9954-4492-97DC-A5AE3705E22B}"
EndProject
Project("{FAE04EC0-301F-11D3-BF4B-00C04F79EFBC}") = "GetTimeLegacy", "samples\__Legacy\GetTimeLegacy\GetTimeLegacy.csproj", "{F788DEB1-F7BE-4A2E-BB0F-2662E5C6B99E}"
EndProject
Project("{FAE04EC0-301F-11D3-BF4B-00C04F79EFBC}") = "PromoteToLeaderLegacy", "samples\__Legacy\PromoteToLeader\PromoteToLeaderLegacy.csproj", "{0619476C-918F-43D8-8CD5-473EA188BF7E}"
EndProject
Project("{FAE04EC0-301F-11D3-BF4B-00C04F79EFBC}") = "SendTeamMessageLegacy", "samples\__Legacy\SendTeamMessageLegacy\SendTeamMessageLegacy.csproj", "{F4B87F3B-5AA0-4160-A584-633995AE13F0}"
EndProject
Project("{FAE04EC0-301F-11D3-BF4B-00C04F79EFBC}") = "SetClanMotdLegacy", "samples\__Legacy\SetClanMotdLegacy\SetClanMotdLegacy.csproj", "{EFE918D1-62BC-486F-91F1-183593BB7214}"
EndProject
Project("{FAE04EC0-301F-11D3-BF4B-00C04F79EFBC}") = "SetEntityValueLegacy", "samples\__Legacy\SetEntityValueLegacy\SetEntityValueLegacy.csproj", "{EF205A27-E57F-494A-B984-5E9091A4F2B1}"
EndProject
Project("{FAE04EC0-301F-11D3-BF4B-00C04F79EFBC}") = "SetSubscriptionLegacy", "samples\__Legacy\SetSubscriptionLegacy\SetSubscriptionLegacy.csproj", "{110D6CBB-8FC9-4CA0-9463-E9F94B030E83}"
EndProject
Project("{FAE04EC0-301F-11D3-BF4B-00C04F79EFBC}") = "StrobeEntityLegacy", "samples\__Legacy\StrobeEntityLegacy\StrobeEntityLegacy.csproj", "{BA4E20E4-3913-4416-926A-4D46098BEF92}"
EndProject
Project("{FAE04EC0-301F-11D3-BF4B-00C04F79EFBC}") = "ToggleEntityLegacy", "samples\__Legacy\ToggleEntityLegacy\ToggleEntityLegacy.csproj", "{A1700B94-4A30-4ADB-8F17-1CAB39001A0D}"
EndProject
Global
	GlobalSection(SolutionConfigurationPlatforms) = preSolution
		Debug|Any CPU = Debug|Any CPU
		Release|Any CPU = Release|Any CPU
	EndGlobalSection
	GlobalSection(ProjectConfigurationPlatforms) = postSolution
		{15F7E5BE-64EC-43F1-8900-95E22A1B3E1F}.Debug|Any CPU.ActiveCfg = Debug|Any CPU
		{15F7E5BE-64EC-43F1-8900-95E22A1B3E1F}.Debug|Any CPU.Build.0 = Debug|Any CPU
		{15F7E5BE-64EC-43F1-8900-95E22A1B3E1F}.Release|Any CPU.ActiveCfg = Release|Any CPU
		{15F7E5BE-64EC-43F1-8900-95E22A1B3E1F}.Release|Any CPU.Build.0 = Release|Any CPU
		{A9A43CD8-5CE4-4121-91C4-A45972DA0F90}.Debug|Any CPU.ActiveCfg = Debug|Any CPU
		{A9A43CD8-5CE4-4121-91C4-A45972DA0F90}.Debug|Any CPU.Build.0 = Debug|Any CPU
		{A9A43CD8-5CE4-4121-91C4-A45972DA0F90}.Release|Any CPU.ActiveCfg = Release|Any CPU
		{A9A43CD8-5CE4-4121-91C4-A45972DA0F90}.Release|Any CPU.Build.0 = Release|Any CPU
		{8A6AB2DB-2FEA-4A7E-9EB3-116AC223C51A}.Debug|Any CPU.ActiveCfg = Debug|Any CPU
		{8A6AB2DB-2FEA-4A7E-9EB3-116AC223C51A}.Debug|Any CPU.Build.0 = Debug|Any CPU
		{8A6AB2DB-2FEA-4A7E-9EB3-116AC223C51A}.Release|Any CPU.ActiveCfg = Release|Any CPU
		{8A6AB2DB-2FEA-4A7E-9EB3-116AC223C51A}.Release|Any CPU.Build.0 = Release|Any CPU
		{89A6839B-FCD8-4201-A3F4-568AB3FD647D}.Debug|Any CPU.ActiveCfg = Debug|Any CPU
		{89A6839B-FCD8-4201-A3F4-568AB3FD647D}.Debug|Any CPU.Build.0 = Debug|Any CPU
		{89A6839B-FCD8-4201-A3F4-568AB3FD647D}.Release|Any CPU.ActiveCfg = Release|Any CPU
		{89A6839B-FCD8-4201-A3F4-568AB3FD647D}.Release|Any CPU.Build.0 = Release|Any CPU
		{BC1FC2A6-2E8D-450E-9483-FE02848A4857}.Debug|Any CPU.ActiveCfg = Debug|Any CPU
		{BC1FC2A6-2E8D-450E-9483-FE02848A4857}.Debug|Any CPU.Build.0 = Debug|Any CPU
		{BC1FC2A6-2E8D-450E-9483-FE02848A4857}.Release|Any CPU.ActiveCfg = Release|Any CPU
		{BC1FC2A6-2E8D-450E-9483-FE02848A4857}.Release|Any CPU.Build.0 = Release|Any CPU
		{CDBF0C36-099A-4097-9351-5DA1BAB47470}.Debug|Any CPU.ActiveCfg = Debug|Any CPU
		{CDBF0C36-099A-4097-9351-5DA1BAB47470}.Debug|Any CPU.Build.0 = Debug|Any CPU
		{CDBF0C36-099A-4097-9351-5DA1BAB47470}.Release|Any CPU.ActiveCfg = Release|Any CPU
		{CDBF0C36-099A-4097-9351-5DA1BAB47470}.Release|Any CPU.Build.0 = Release|Any CPU
		{9AE5CA05-09E6-4B01-A4B9-C0C8055908E9}.Debug|Any CPU.ActiveCfg = Debug|Any CPU
		{9AE5CA05-09E6-4B01-A4B9-C0C8055908E9}.Debug|Any CPU.Build.0 = Debug|Any CPU
		{9AE5CA05-09E6-4B01-A4B9-C0C8055908E9}.Release|Any CPU.ActiveCfg = Release|Any CPU
		{9AE5CA05-09E6-4B01-A4B9-C0C8055908E9}.Release|Any CPU.Build.0 = Release|Any CPU
		{0489370F-34D8-4938-98CE-AAAAB6BBD672}.Debug|Any CPU.ActiveCfg = Debug|Any CPU
		{0489370F-34D8-4938-98CE-AAAAB6BBD672}.Debug|Any CPU.Build.0 = Debug|Any CPU
		{0489370F-34D8-4938-98CE-AAAAB6BBD672}.Release|Any CPU.ActiveCfg = Release|Any CPU
		{0489370F-34D8-4938-98CE-AAAAB6BBD672}.Release|Any CPU.Build.0 = Release|Any CPU
		{AE331A65-6292-4F8D-BACD-E53CE3F93A1A}.Debug|Any CPU.ActiveCfg = Debug|Any CPU
		{AE331A65-6292-4F8D-BACD-E53CE3F93A1A}.Debug|Any CPU.Build.0 = Debug|Any CPU
		{AE331A65-6292-4F8D-BACD-E53CE3F93A1A}.Release|Any CPU.ActiveCfg = Release|Any CPU
		{AE331A65-6292-4F8D-BACD-E53CE3F93A1A}.Release|Any CPU.Build.0 = Release|Any CPU
		{D592580F-02E8-4C25-A6F9-DC4BEE0A841F}.Debug|Any CPU.ActiveCfg = Debug|Any CPU
		{D592580F-02E8-4C25-A6F9-DC4BEE0A841F}.Debug|Any CPU.Build.0 = Debug|Any CPU
		{D592580F-02E8-4C25-A6F9-DC4BEE0A841F}.Release|Any CPU.ActiveCfg = Release|Any CPU
		{D592580F-02E8-4C25-A6F9-DC4BEE0A841F}.Release|Any CPU.Build.0 = Release|Any CPU
		{0995FA7C-64C2-47CD-AE35-65FE40B757A4}.Debug|Any CPU.ActiveCfg = Debug|Any CPU
		{0995FA7C-64C2-47CD-AE35-65FE40B757A4}.Debug|Any CPU.Build.0 = Debug|Any CPU
		{0995FA7C-64C2-47CD-AE35-65FE40B757A4}.Release|Any CPU.ActiveCfg = Release|Any CPU
		{0995FA7C-64C2-47CD-AE35-65FE40B757A4}.Release|Any CPU.Build.0 = Release|Any CPU
		{E8581B0A-3CAF-4728-BCDB-98857B9E1F96}.Debug|Any CPU.ActiveCfg = Debug|Any CPU
		{E8581B0A-3CAF-4728-BCDB-98857B9E1F96}.Debug|Any CPU.Build.0 = Debug|Any CPU
		{E8581B0A-3CAF-4728-BCDB-98857B9E1F96}.Release|Any CPU.ActiveCfg = Release|Any CPU
		{E8581B0A-3CAF-4728-BCDB-98857B9E1F96}.Release|Any CPU.Build.0 = Release|Any CPU
		{A4D2630D-4019-474F-ACD4-7875B3D8C015}.Debug|Any CPU.ActiveCfg = Debug|Any CPU
		{A4D2630D-4019-474F-ACD4-7875B3D8C015}.Debug|Any CPU.Build.0 = Debug|Any CPU
		{A4D2630D-4019-474F-ACD4-7875B3D8C015}.Release|Any CPU.ActiveCfg = Release|Any CPU
		{A4D2630D-4019-474F-ACD4-7875B3D8C015}.Release|Any CPU.Build.0 = Release|Any CPU
		{8EA6BA18-6DD9-4726-B1C1-20432591DE9D}.Debug|Any CPU.ActiveCfg = Debug|Any CPU
		{8EA6BA18-6DD9-4726-B1C1-20432591DE9D}.Debug|Any CPU.Build.0 = Debug|Any CPU
		{8EA6BA18-6DD9-4726-B1C1-20432591DE9D}.Release|Any CPU.ActiveCfg = Release|Any CPU
		{8EA6BA18-6DD9-4726-B1C1-20432591DE9D}.Release|Any CPU.Build.0 = Release|Any CPU
		{7992A202-9C4F-4C33-B922-2EAC45FF74EE}.Debug|Any CPU.ActiveCfg = Debug|Any CPU
		{7992A202-9C4F-4C33-B922-2EAC45FF74EE}.Debug|Any CPU.Build.0 = Debug|Any CPU
		{7992A202-9C4F-4C33-B922-2EAC45FF74EE}.Release|Any CPU.ActiveCfg = Release|Any CPU
		{7992A202-9C4F-4C33-B922-2EAC45FF74EE}.Release|Any CPU.Build.0 = Release|Any CPU
		{421E4990-AE08-44A1-A27D-AAF3FBFEC885}.Debug|Any CPU.ActiveCfg = Debug|Any CPU
		{421E4990-AE08-44A1-A27D-AAF3FBFEC885}.Debug|Any CPU.Build.0 = Debug|Any CPU
		{421E4990-AE08-44A1-A27D-AAF3FBFEC885}.Release|Any CPU.ActiveCfg = Release|Any CPU
		{421E4990-AE08-44A1-A27D-AAF3FBFEC885}.Release|Any CPU.Build.0 = Release|Any CPU
		{20D3067A-5048-4EB0-827A-965A3984F5AA}.Debug|Any CPU.ActiveCfg = Debug|Any CPU
		{20D3067A-5048-4EB0-827A-965A3984F5AA}.Debug|Any CPU.Build.0 = Debug|Any CPU
		{20D3067A-5048-4EB0-827A-965A3984F5AA}.Release|Any CPU.ActiveCfg = Release|Any CPU
		{20D3067A-5048-4EB0-827A-965A3984F5AA}.Release|Any CPU.Build.0 = Release|Any CPU
		{2BDDB9F9-A42A-4510-9329-8A3B5BECD12D}.Debug|Any CPU.ActiveCfg = Debug|Any CPU
		{2BDDB9F9-A42A-4510-9329-8A3B5BECD12D}.Debug|Any CPU.Build.0 = Debug|Any CPU
		{2BDDB9F9-A42A-4510-9329-8A3B5BECD12D}.Release|Any CPU.ActiveCfg = Release|Any CPU
		{2BDDB9F9-A42A-4510-9329-8A3B5BECD12D}.Release|Any CPU.Build.0 = Release|Any CPU
		{4ED7771B-55C9-41A0-B71D-2236CAB160D3}.Debug|Any CPU.ActiveCfg = Debug|Any CPU
		{4ED7771B-55C9-41A0-B71D-2236CAB160D3}.Debug|Any CPU.Build.0 = Debug|Any CPU
		{4ED7771B-55C9-41A0-B71D-2236CAB160D3}.Release|Any CPU.ActiveCfg = Release|Any CPU
		{4ED7771B-55C9-41A0-B71D-2236CAB160D3}.Release|Any CPU.Build.0 = Release|Any CPU
		{B57DE425-4B1A-4491-BF40-08800978C7F8}.Debug|Any CPU.ActiveCfg = Debug|Any CPU
		{B57DE425-4B1A-4491-BF40-08800978C7F8}.Debug|Any CPU.Build.0 = Debug|Any CPU
		{B57DE425-4B1A-4491-BF40-08800978C7F8}.Release|Any CPU.ActiveCfg = Release|Any CPU
		{B57DE425-4B1A-4491-BF40-08800978C7F8}.Release|Any CPU.Build.0 = Release|Any CPU
		{1DFF39BB-7909-426F-BAC7-A22CE1A229C6}.Debug|Any CPU.ActiveCfg = Debug|Any CPU
		{1DFF39BB-7909-426F-BAC7-A22CE1A229C6}.Debug|Any CPU.Build.0 = Debug|Any CPU
		{1DFF39BB-7909-426F-BAC7-A22CE1A229C6}.Release|Any CPU.ActiveCfg = Release|Any CPU
		{1DFF39BB-7909-426F-BAC7-A22CE1A229C6}.Release|Any CPU.Build.0 = Release|Any CPU
		{BC52D22E-8AF6-445A-ADBF-8750505F7F48}.Debug|Any CPU.ActiveCfg = Debug|Any CPU
		{BC52D22E-8AF6-445A-ADBF-8750505F7F48}.Debug|Any CPU.Build.0 = Debug|Any CPU
		{BC52D22E-8AF6-445A-ADBF-8750505F7F48}.Release|Any CPU.ActiveCfg = Release|Any CPU
		{BC52D22E-8AF6-445A-ADBF-8750505F7F48}.Release|Any CPU.Build.0 = Release|Any CPU
		{B325CFF2-EB28-49A2-BA2B-011D6EBED4A8}.Debug|Any CPU.ActiveCfg = Debug|Any CPU
		{B325CFF2-EB28-49A2-BA2B-011D6EBED4A8}.Debug|Any CPU.Build.0 = Debug|Any CPU
		{B325CFF2-EB28-49A2-BA2B-011D6EBED4A8}.Release|Any CPU.ActiveCfg = Release|Any CPU
		{B325CFF2-EB28-49A2-BA2B-011D6EBED4A8}.Release|Any CPU.Build.0 = Release|Any CPU
		{CE811FE4-539A-4AFF-A400-656861B5C08C}.Debug|Any CPU.ActiveCfg = Debug|Any CPU
		{CE811FE4-539A-4AFF-A400-656861B5C08C}.Debug|Any CPU.Build.0 = Debug|Any CPU
		{CE811FE4-539A-4AFF-A400-656861B5C08C}.Release|Any CPU.ActiveCfg = Release|Any CPU
		{CE811FE4-539A-4AFF-A400-656861B5C08C}.Release|Any CPU.Build.0 = Release|Any CPU
		{976DE721-8A92-440E-A941-8468AC692AB8}.Debug|Any CPU.ActiveCfg = Debug|Any CPU
		{976DE721-8A92-440E-A941-8468AC692AB8}.Debug|Any CPU.Build.0 = Debug|Any CPU
		{976DE721-8A92-440E-A941-8468AC692AB8}.Release|Any CPU.ActiveCfg = Release|Any CPU
		{976DE721-8A92-440E-A941-8468AC692AB8}.Release|Any CPU.Build.0 = Release|Any CPU
		{D722FF03-B348-451B-A569-FF252BAC8387}.Debug|Any CPU.ActiveCfg = Debug|Any CPU
		{D722FF03-B348-451B-A569-FF252BAC8387}.Debug|Any CPU.Build.0 = Debug|Any CPU
		{D722FF03-B348-451B-A569-FF252BAC8387}.Release|Any CPU.ActiveCfg = Release|Any CPU
		{D722FF03-B348-451B-A569-FF252BAC8387}.Release|Any CPU.Build.0 = Release|Any CPU
		{BE06B427-A7D3-42C4-A4C6-BFFE381A2E7A}.Debug|Any CPU.ActiveCfg = Debug|Any CPU
		{BE06B427-A7D3-42C4-A4C6-BFFE381A2E7A}.Debug|Any CPU.Build.0 = Debug|Any CPU
		{BE06B427-A7D3-42C4-A4C6-BFFE381A2E7A}.Release|Any CPU.ActiveCfg = Release|Any CPU
		{BE06B427-A7D3-42C4-A4C6-BFFE381A2E7A}.Release|Any CPU.Build.0 = Release|Any CPU
		{97C916E9-FB04-4C74-B384-4EF30D65ECB7}.Debug|Any CPU.ActiveCfg = Debug|Any CPU
		{97C916E9-FB04-4C74-B384-4EF30D65ECB7}.Debug|Any CPU.Build.0 = Debug|Any CPU
		{97C916E9-FB04-4C74-B384-4EF30D65ECB7}.Release|Any CPU.ActiveCfg = Release|Any CPU
		{97C916E9-FB04-4C74-B384-4EF30D65ECB7}.Release|Any CPU.Build.0 = Release|Any CPU
		{4F185B63-61B3-4E3D-8AC3-B8C900647238}.Debug|Any CPU.ActiveCfg = Debug|Any CPU
		{4F185B63-61B3-4E3D-8AC3-B8C900647238}.Debug|Any CPU.Build.0 = Debug|Any CPU
		{4F185B63-61B3-4E3D-8AC3-B8C900647238}.Release|Any CPU.ActiveCfg = Release|Any CPU
		{4F185B63-61B3-4E3D-8AC3-B8C900647238}.Release|Any CPU.Build.0 = Release|Any CPU
		{6681C99C-A4C4-46AB-99B1-8C5ED326E513}.Debug|Any CPU.ActiveCfg = Debug|Any CPU
		{6681C99C-A4C4-46AB-99B1-8C5ED326E513}.Debug|Any CPU.Build.0 = Debug|Any CPU
		{6681C99C-A4C4-46AB-99B1-8C5ED326E513}.Release|Any CPU.ActiveCfg = Release|Any CPU
		{6681C99C-A4C4-46AB-99B1-8C5ED326E513}.Release|Any CPU.Build.0 = Release|Any CPU
		{10F51503-897E-4448-95D3-EB1FF9DD8889}.Debug|Any CPU.ActiveCfg = Debug|Any CPU
		{10F51503-897E-4448-95D3-EB1FF9DD8889}.Debug|Any CPU.Build.0 = Debug|Any CPU
		{10F51503-897E-4448-95D3-EB1FF9DD8889}.Release|Any CPU.ActiveCfg = Release|Any CPU
		{10F51503-897E-4448-95D3-EB1FF9DD8889}.Release|Any CPU.Build.0 = Release|Any CPU
		{E2C26CFC-2D5D-4261-8D9C-CE6CA57C2491}.Debug|Any CPU.ActiveCfg = Debug|Any CPU
		{E2C26CFC-2D5D-4261-8D9C-CE6CA57C2491}.Debug|Any CPU.Build.0 = Debug|Any CPU
		{E2C26CFC-2D5D-4261-8D9C-CE6CA57C2491}.Release|Any CPU.ActiveCfg = Release|Any CPU
		{E2C26CFC-2D5D-4261-8D9C-CE6CA57C2491}.Release|Any CPU.Build.0 = Release|Any CPU
		{BBD1C0B7-2181-4252-B752-B5640A264813}.Debug|Any CPU.ActiveCfg = Debug|Any CPU
		{BBD1C0B7-2181-4252-B752-B5640A264813}.Debug|Any CPU.Build.0 = Debug|Any CPU
		{BBD1C0B7-2181-4252-B752-B5640A264813}.Release|Any CPU.ActiveCfg = Release|Any CPU
		{BBD1C0B7-2181-4252-B752-B5640A264813}.Release|Any CPU.Build.0 = Release|Any CPU
		{B929FFA5-90CF-43EC-95A6-DBA7617D9DB5}.Debug|Any CPU.ActiveCfg = Debug|Any CPU
		{B929FFA5-90CF-43EC-95A6-DBA7617D9DB5}.Debug|Any CPU.Build.0 = Debug|Any CPU
		{B929FFA5-90CF-43EC-95A6-DBA7617D9DB5}.Release|Any CPU.ActiveCfg = Release|Any CPU
		{B929FFA5-90CF-43EC-95A6-DBA7617D9DB5}.Release|Any CPU.Build.0 = Release|Any CPU
		{ED764A51-2766-4C4E-81E3-5918406E3E8E}.Debug|Any CPU.ActiveCfg = Debug|Any CPU
		{ED764A51-2766-4C4E-81E3-5918406E3E8E}.Debug|Any CPU.Build.0 = Debug|Any CPU
		{ED764A51-2766-4C4E-81E3-5918406E3E8E}.Release|Any CPU.ActiveCfg = Release|Any CPU
		{ED764A51-2766-4C4E-81E3-5918406E3E8E}.Release|Any CPU.Build.0 = Release|Any CPU
		{05E2ED16-299A-4F61-B221-DAC204153565}.Debug|Any CPU.ActiveCfg = Debug|Any CPU
		{05E2ED16-299A-4F61-B221-DAC204153565}.Debug|Any CPU.Build.0 = Debug|Any CPU
		{05E2ED16-299A-4F61-B221-DAC204153565}.Release|Any CPU.ActiveCfg = Release|Any CPU
		{05E2ED16-299A-4F61-B221-DAC204153565}.Release|Any CPU.Build.0 = Release|Any CPU
		{BC1DD6ED-9954-4492-97DC-A5AE3705E22B}.Debug|Any CPU.ActiveCfg = Debug|Any CPU
		{BC1DD6ED-9954-4492-97DC-A5AE3705E22B}.Debug|Any CPU.Build.0 = Debug|Any CPU
		{BC1DD6ED-9954-4492-97DC-A5AE3705E22B}.Release|Any CPU.ActiveCfg = Release|Any CPU
		{BC1DD6ED-9954-4492-97DC-A5AE3705E22B}.Release|Any CPU.Build.0 = Release|Any CPU
		{F788DEB1-F7BE-4A2E-BB0F-2662E5C6B99E}.Debug|Any CPU.ActiveCfg = Debug|Any CPU
		{F788DEB1-F7BE-4A2E-BB0F-2662E5C6B99E}.Debug|Any CPU.Build.0 = Debug|Any CPU
		{F788DEB1-F7BE-4A2E-BB0F-2662E5C6B99E}.Release|Any CPU.ActiveCfg = Release|Any CPU
		{F788DEB1-F7BE-4A2E-BB0F-2662E5C6B99E}.Release|Any CPU.Build.0 = Release|Any CPU
		{0619476C-918F-43D8-8CD5-473EA188BF7E}.Debug|Any CPU.ActiveCfg = Debug|Any CPU
		{0619476C-918F-43D8-8CD5-473EA188BF7E}.Debug|Any CPU.Build.0 = Debug|Any CPU
		{0619476C-918F-43D8-8CD5-473EA188BF7E}.Release|Any CPU.ActiveCfg = Release|Any CPU
		{0619476C-918F-43D8-8CD5-473EA188BF7E}.Release|Any CPU.Build.0 = Release|Any CPU
		{F4B87F3B-5AA0-4160-A584-633995AE13F0}.Debug|Any CPU.ActiveCfg = Debug|Any CPU
		{F4B87F3B-5AA0-4160-A584-633995AE13F0}.Debug|Any CPU.Build.0 = Debug|Any CPU
		{F4B87F3B-5AA0-4160-A584-633995AE13F0}.Release|Any CPU.ActiveCfg = Release|Any CPU
		{F4B87F3B-5AA0-4160-A584-633995AE13F0}.Release|Any CPU.Build.0 = Release|Any CPU
		{EFE918D1-62BC-486F-91F1-183593BB7214}.Debug|Any CPU.ActiveCfg = Debug|Any CPU
		{EFE918D1-62BC-486F-91F1-183593BB7214}.Debug|Any CPU.Build.0 = Debug|Any CPU
		{EFE918D1-62BC-486F-91F1-183593BB7214}.Release|Any CPU.ActiveCfg = Release|Any CPU
		{EFE918D1-62BC-486F-91F1-183593BB7214}.Release|Any CPU.Build.0 = Release|Any CPU
		{EF205A27-E57F-494A-B984-5E9091A4F2B1}.Debug|Any CPU.ActiveCfg = Debug|Any CPU
		{EF205A27-E57F-494A-B984-5E9091A4F2B1}.Debug|Any CPU.Build.0 = Debug|Any CPU
		{EF205A27-E57F-494A-B984-5E9091A4F2B1}.Release|Any CPU.ActiveCfg = Release|Any CPU
		{EF205A27-E57F-494A-B984-5E9091A4F2B1}.Release|Any CPU.Build.0 = Release|Any CPU
		{110D6CBB-8FC9-4CA0-9463-E9F94B030E83}.Debug|Any CPU.ActiveCfg = Debug|Any CPU
		{110D6CBB-8FC9-4CA0-9463-E9F94B030E83}.Debug|Any CPU.Build.0 = Debug|Any CPU
		{110D6CBB-8FC9-4CA0-9463-E9F94B030E83}.Release|Any CPU.ActiveCfg = Release|Any CPU
		{110D6CBB-8FC9-4CA0-9463-E9F94B030E83}.Release|Any CPU.Build.0 = Release|Any CPU
		{BA4E20E4-3913-4416-926A-4D46098BEF92}.Debug|Any CPU.ActiveCfg = Debug|Any CPU
		{BA4E20E4-3913-4416-926A-4D46098BEF92}.Debug|Any CPU.Build.0 = Debug|Any CPU
		{BA4E20E4-3913-4416-926A-4D46098BEF92}.Release|Any CPU.ActiveCfg = Release|Any CPU
		{BA4E20E4-3913-4416-926A-4D46098BEF92}.Release|Any CPU.Build.0 = Release|Any CPU
		{A1700B94-4A30-4ADB-8F17-1CAB39001A0D}.Debug|Any CPU.ActiveCfg = Debug|Any CPU
		{A1700B94-4A30-4ADB-8F17-1CAB39001A0D}.Debug|Any CPU.Build.0 = Debug|Any CPU
		{A1700B94-4A30-4ADB-8F17-1CAB39001A0D}.Release|Any CPU.ActiveCfg = Release|Any CPU
		{A1700B94-4A30-4ADB-8F17-1CAB39001A0D}.Release|Any CPU.Build.0 = Release|Any CPU
	EndGlobalSection
	GlobalSection(SolutionProperties) = preSolution
		HideSolutionNode = FALSE
	EndGlobalSection
	GlobalSection(NestedProjects) = preSolution
		{8A6AB2DB-2FEA-4A7E-9EB3-116AC223C51A} = {0B23F464-4021-46B2-9AD7-04C16FA9B6F1}
		{717D6CCB-266B-483A-B4C7-2C2DC3A06C33} = {0B23F464-4021-46B2-9AD7-04C16FA9B6F1}
		{89A6839B-FCD8-4201-A3F4-568AB3FD647D} = {0B23F464-4021-46B2-9AD7-04C16FA9B6F1}
		{BC1FC2A6-2E8D-450E-9483-FE02848A4857} = {0B23F464-4021-46B2-9AD7-04C16FA9B6F1}
		{CDBF0C36-099A-4097-9351-5DA1BAB47470} = {0B23F464-4021-46B2-9AD7-04C16FA9B6F1}
		{9AE5CA05-09E6-4B01-A4B9-C0C8055908E9} = {0B23F464-4021-46B2-9AD7-04C16FA9B6F1}
		{0489370F-34D8-4938-98CE-AAAAB6BBD672} = {0B23F464-4021-46B2-9AD7-04C16FA9B6F1}
		{AE331A65-6292-4F8D-BACD-E53CE3F93A1A} = {0B23F464-4021-46B2-9AD7-04C16FA9B6F1}
		{D592580F-02E8-4C25-A6F9-DC4BEE0A841F} = {0B23F464-4021-46B2-9AD7-04C16FA9B6F1}
		{0995FA7C-64C2-47CD-AE35-65FE40B757A4} = {0B23F464-4021-46B2-9AD7-04C16FA9B6F1}
		{E8581B0A-3CAF-4728-BCDB-98857B9E1F96} = {0B23F464-4021-46B2-9AD7-04C16FA9B6F1}
		{A4D2630D-4019-474F-ACD4-7875B3D8C015} = {0B23F464-4021-46B2-9AD7-04C16FA9B6F1}
		{8EA6BA18-6DD9-4726-B1C1-20432591DE9D} = {0B23F464-4021-46B2-9AD7-04C16FA9B6F1}
		{7992A202-9C4F-4C33-B922-2EAC45FF74EE} = {0B23F464-4021-46B2-9AD7-04C16FA9B6F1}
		{421E4990-AE08-44A1-A27D-AAF3FBFEC885} = {0B23F464-4021-46B2-9AD7-04C16FA9B6F1}
		{20D3067A-5048-4EB0-827A-965A3984F5AA} = {0B23F464-4021-46B2-9AD7-04C16FA9B6F1}
		{2BDDB9F9-A42A-4510-9329-8A3B5BECD12D} = {0B23F464-4021-46B2-9AD7-04C16FA9B6F1}
		{4ED7771B-55C9-41A0-B71D-2236CAB160D3} = {0B23F464-4021-46B2-9AD7-04C16FA9B6F1}
		{B57DE425-4B1A-4491-BF40-08800978C7F8} = {0B23F464-4021-46B2-9AD7-04C16FA9B6F1}
		{1DFF39BB-7909-426F-BAC7-A22CE1A229C6} = {0B23F464-4021-46B2-9AD7-04C16FA9B6F1}
		{BC52D22E-8AF6-445A-ADBF-8750505F7F48} = {0B23F464-4021-46B2-9AD7-04C16FA9B6F1}
		{B325CFF2-EB28-49A2-BA2B-011D6EBED4A8} = {717D6CCB-266B-483A-B4C7-2C2DC3A06C33}
		{CE811FE4-539A-4AFF-A400-656861B5C08C} = {717D6CCB-266B-483A-B4C7-2C2DC3A06C33}
		{7290ED2D-80B8-4A4D-B5F5-7E93E638593C} = {0B23F464-4021-46B2-9AD7-04C16FA9B6F1}
		{976DE721-8A92-440E-A941-8468AC692AB8} = {7290ED2D-80B8-4A4D-B5F5-7E93E638593C}
		{D722FF03-B348-451B-A569-FF252BAC8387} = {7290ED2D-80B8-4A4D-B5F5-7E93E638593C}
		{BE06B427-A7D3-42C4-A4C6-BFFE381A2E7A} = {7290ED2D-80B8-4A4D-B5F5-7E93E638593C}
		{97C916E9-FB04-4C74-B384-4EF30D65ECB7} = {7290ED2D-80B8-4A4D-B5F5-7E93E638593C}
		{4F185B63-61B3-4E3D-8AC3-B8C900647238} = {7290ED2D-80B8-4A4D-B5F5-7E93E638593C}
		{6681C99C-A4C4-46AB-99B1-8C5ED326E513} = {7290ED2D-80B8-4A4D-B5F5-7E93E638593C}
		{10F51503-897E-4448-95D3-EB1FF9DD8889} = {7290ED2D-80B8-4A4D-B5F5-7E93E638593C}
		{E2C26CFC-2D5D-4261-8D9C-CE6CA57C2491} = {7290ED2D-80B8-4A4D-B5F5-7E93E638593C}
		{BBD1C0B7-2181-4252-B752-B5640A264813} = {7290ED2D-80B8-4A4D-B5F5-7E93E638593C}
		{B929FFA5-90CF-43EC-95A6-DBA7617D9DB5} = {7290ED2D-80B8-4A4D-B5F5-7E93E638593C}
		{ED764A51-2766-4C4E-81E3-5918406E3E8E} = {7290ED2D-80B8-4A4D-B5F5-7E93E638593C}
		{05E2ED16-299A-4F61-B221-DAC204153565} = {7290ED2D-80B8-4A4D-B5F5-7E93E638593C}
		{BC1DD6ED-9954-4492-97DC-A5AE3705E22B} = {7290ED2D-80B8-4A4D-B5F5-7E93E638593C}
		{F788DEB1-F7BE-4A2E-BB0F-2662E5C6B99E} = {7290ED2D-80B8-4A4D-B5F5-7E93E638593C}
		{0619476C-918F-43D8-8CD5-473EA188BF7E} = {7290ED2D-80B8-4A4D-B5F5-7E93E638593C}
		{F4B87F3B-5AA0-4160-A584-633995AE13F0} = {7290ED2D-80B8-4A4D-B5F5-7E93E638593C}
		{EFE918D1-62BC-486F-91F1-183593BB7214} = {7290ED2D-80B8-4A4D-B5F5-7E93E638593C}
		{EF205A27-E57F-494A-B984-5E9091A4F2B1} = {7290ED2D-80B8-4A4D-B5F5-7E93E638593C}
		{110D6CBB-8FC9-4CA0-9463-E9F94B030E83} = {7290ED2D-80B8-4A4D-B5F5-7E93E638593C}
		{BA4E20E4-3913-4416-926A-4D46098BEF92} = {7290ED2D-80B8-4A4D-B5F5-7E93E638593C}
		{A1700B94-4A30-4ADB-8F17-1CAB39001A0D} = {7290ED2D-80B8-4A4D-B5F5-7E93E638593C}
	EndGlobalSection
	GlobalSection(ExtensibilityGlobals) = postSolution
		SolutionGuid = {A4B4251F-ADA4-418D-95B5-27BA99A307A3}
	EndGlobalSection
EndGlobal
